{
  "version": 4,
  "terraform_version": "1.4.5",
  "serial": 8,
  "lineage": "873fa481-0820-0a7d-137c-6a9d413ca5f8",
  "outputs": {},
  "resources": [
    {
      "mode": "data",
      "type": "google_client_config",
      "name": "provider",
      "provider": "provider[\"registry.terraform.io/hashicorp/google\"]",
      "instances": [
        {
          "schema_version": 0,
          "attributes": {
            "access_token": "ya29.a0Ael9sCPtm_JbBk2-LFAg9vj5S0vYh7auPAMOaEQ2vDT6bum0vwyfieYHjizoK8zw7ZSolDnDIu3_ZhAUlaqWOgzmRJcdRElaMdVlTZHugBKjKnaKBoMeJGmbVBjYLTAPaQ-Y9sLKViJfTJwp6zyCtC0eTNbT3PbIaCgYKAbASARISFQF4udJhqcRVjtq_sFAP1V7WYbUryg0167",
            "id": "projects/\"vibrant-retina-379605\"/regions/\"us-west1-a\"/zones/\u003cnull\u003e",
            "project": "vibrant-retina-379605",
            "region": "us-west1-a",
            "zone": null
          },
          "sensitive_attributes": []
        }
      ]
    },
    {
      "mode": "data",
      "type": "google_container_cluster",
      "name": "ml_cluster",
      "provider": "provider[\"registry.terraform.io/hashicorp/google\"]",
      "instances": [
        {
          "schema_version": 0,
          "attributes": {
            "addons_config": [
              {
                "cloudrun_config": [],
                "config_connector_config": [],
                "dns_cache_config": [],
                "gce_persistent_disk_csi_driver_config": [
                  {
                    "enabled": true
                  }
                ],
                "gcp_filestore_csi_driver_config": [],
                "gke_backup_agent_config": [],
                "horizontal_pod_autoscaling": [],
                "http_load_balancing": [],
                "network_policy_config": [
                  {
                    "disabled": true
                  }
                ]
              }
            ],
            "authenticator_groups_config": [],
            "binary_authorization": [
              {
                "enabled": false,
                "evaluation_mode": ""
              }
            ],
            "cluster_autoscaling": [
              {
                "auto_provisioning_defaults": [],
                "enabled": false,
                "resource_limits": []
              }
            ],
            "cluster_ipv4_cidr": "10.0.0.0/14",
            "confidential_nodes": [],
            "cost_management_config": [],
            "database_encryption": [
              {
                "key_name": "",
                "state": "DECRYPTED"
              }
            ],
            "datapath_provider": "",
            "default_max_pods_per_node": null,
            "default_snat_status": [
              {
                "disabled": false
              }
            ],
            "description": "",
            "dns_config": [],
            "enable_autopilot": false,
            "enable_binary_authorization": false,
            "enable_intranode_visibility": false,
            "enable_kubernetes_alpha": false,
            "enable_l4_ilb_subsetting": false,
            "enable_legacy_abac": false,
            "enable_shielded_nodes": true,
            "enable_tpu": false,
            "endpoint": "34.83.82.136",
            "gateway_api_config": [],
            "id": "projects/vibrant-retina-379605/locations/us-west1-a/clusters/ml-cluster",
            "initial_node_count": 1,
            "ip_allocation_policy": [],
            "label_fingerprint": "a9dc16a7",
            "location": "us-west1-a",
            "logging_config": [
              {
                "enable_components": [
                  "SYSTEM_COMPONENTS",
                  "WORKLOADS"
                ]
              }
            ],
            "logging_service": "logging.googleapis.com/kubernetes",
            "maintenance_policy": [],
            "master_auth": [
              {
                "client_certificate": "",
                "client_certificate_config": [
                  {
                    "issue_client_certificate": false
                  }
                ],
                "client_key": "",
                "cluster_ca_certificate": "LS0tLS1CRUdJTiBDRVJUSUZJQ0FURS0tLS0tCk1JSUVMRENDQXBTZ0F3SUJBZ0lRWDU0aURzWjZHcWlMYWRCOXoxR2x4ekFOQmdrcWhraUc5dzBCQVFzRkFEQXYKTVMwd0t3WURWUVFERXlRMVlUTm1OamM0WVMxaU9EaG1MVFF5WXpZdE9UTTFZeTA1WW1NM05qUmhZams0Tm1JdwpJQmNOTWpNd05ERTRNak13TnpVeldoZ1BNakExTXpBME1URXdNREEzTlROYU1DOHhMVEFyQmdOVkJBTVRKRFZoCk0yWTJOemhoTFdJNE9HWXROREpqTmkwNU16VmpMVGxpWXpjMk5HRmlPVGcyWWpDQ0FhSXdEUVlKS29aSWh2Y04KQVFFQkJRQURnZ0dQQURDQ0FZb0NnZ0dCQU1naVIxeWxCWnhuWEJWZHpudVdvSU5UN1NGSFZ5VWMyQnBjU0N4Mgpaa3o3cUR5S0QxVXREQVJqRFdpelNzTGprSXplOU5IbVpPTjNtckF5dkNVZWJZUjBpU2d6OXNjWENSc0Y0SUdZCmJwWTFWRUhjZWVFWXJMWWZXRHpzOCtuYUZDUnB4UVk0dHc1ZHU0MVJ5L2FRRFFxekdJSkFvV1VUVzRodGJRL08KbVhwOGJwUDFlNHZsMmtZMzB3YzZyemJOZUxxM2dmS2daVmhuaHg0VlpCY1B3Y0IwK0Fhc3F1M2xKZWpmZWFSKwo1NUdpcm9MNXlRRm95V3JYeGxPNDA0NW1ISFNzNE9qczFiMnFUcjIybHF5My9sRno5NVpxRW1qcXgvZ25Ec3NvCjhCaTRmYWt2MUNnVXA0SU9RbWIwMWpzNFVRc2d3T3R0WUd4ZlBYRG5qSFlJSjVIQlhzZmxjcW1ySHF0Q0ZtUXQKcmc1Skd1dVhpanYxbWNoYmtZUVJkZXhCSEg1ZEFtKy85WXBrd09qU0RJcmoxSjY2NEs5SXd0RGN0a0lielJIZwpoUTd3cjlvTExYZ1JsWjFXczQ4RUxHREFrb1lrdFFPd0dPYXRveVFad1JYb1lZYnFZS3hVK2FIYjZ5QjdNcUhLCm1jMForaVpFcG1mekZKYVVBOWx4SWxiRzV3SURBUUFCbzBJd1FEQU9CZ05WSFE4QkFmOEVCQU1DQWdRd0R3WUQKVlIwVEFRSC9CQVV3QXdFQi96QWRCZ05WSFE0RUZnUVUrclRyVzI5M25MOWxkeGxla2h0RGdBbk1Jekl3RFFZSgpLb1pJaHZjTkFRRUxCUUFEZ2dHQkFHbGJUNG1lcE54d211RDJJUWdFY015T0p3ckUvMThxWnV6K1BmMFFvV1NRCngrS3M5bEpiL1R2S1kzMDEwOVp5dVEzVHpPRUxMbHNQR09MWlJuM0pvUHg2c2lyS2NEdjVkcmVZWFI4RzVHVDAKcG92OVNZK0dvRXowcFZSTDVoWDgyYlNYNExBZ1pUenFvaTZwZ1orVHVtOHc3K2syNzV3YjRWdGRwSVR4UlBIbAp4dkZSL2FURlUxQ1JWTFJRTFNTVFRDYjh2dDZTRy82N01sQ3I3aEFYbm9PMjhCYU5ETTRJZDliSmttZ3pJblhzCkg5V0taQVRjeFZ0K2tMcmovNkpWQURvcVlvVFJkdUtJTjFkanNQVW1TSnp6Z0VaNVN6L29SZWsyTnJNUEhhZ0QKMXVRbzFvVnBUZ05JV0g1WEVveFZWbWFNdEJiYk9WYnpuTjVqbm1BY3gwd3paaWJyTTZ0VmNWS1FoT1pvYjBoQQo4bnh2YkdNdExONWVTMU53OVdHbGFqZm9pTFVGOFViSDRkQkdxSmhKK01tM0Z2ZFNrYWs3U2k1TWdobVhYOFY3CkdKOEJRT3J5a1h1bkVsK3dhNlA5SE5GeXpFYmY1WGNmd0F1VzVNa2J0aVBtZm5obXF4S3h5RitTMElNTm9vUmoKcStHY3p1UDZEWjJLNHo4RHU2U0VNUT09Ci0tLS0tRU5EIENFUlRJRklDQVRFLS0tLS0K"
              }
            ],
            "master_authorized_networks_config": [],
            "master_version": "1.24.10-gke.2300",
            "mesh_certificates": [],
            "min_master_version": null,
            "monitoring_config": [
              {
                "enable_components": [
                  "SYSTEM_COMPONENTS"
                ],
                "managed_prometheus": [
                  {
                    "enabled": true
                  }
                ]
              }
            ],
            "monitoring_service": "monitoring.googleapis.com/kubernetes",
            "name": "ml-cluster",
            "network": "projects/vibrant-retina-379605/global/networks/default",
            "network_policy": [
              {
                "enabled": false,
                "provider": "PROVIDER_UNSPECIFIED"
              }
            ],
            "networking_mode": "ROUTES",
            "node_config": [
              {
                "advanced_machine_features": [],
                "boot_disk_kms_key": "",
                "disk_size_gb": 100,
                "disk_type": "pd-balanced",
                "ephemeral_storage_local_ssd_config": [],
                "gcfs_config": [],
                "guest_accelerator": [],
                "gvnic": [],
                "image_type": "COS_CONTAINERD",
                "kubelet_config": [],
                "labels": {},
                "linux_node_config": [],
                "local_nvme_ssd_block_config": [],
                "local_ssd_count": 0,
                "logging_variant": "DEFAULT",
                "machine_type": "e2-medium",
                "metadata": {
                  "disable-legacy-endpoints": "true"
                },
                "min_cpu_platform": "",
                "node_group": "",
                "oauth_scopes": [
                  "https://www.googleapis.com/auth/devstorage.read_only",
                  "https://www.googleapis.com/auth/logging.write",
                  "https://www.googleapis.com/auth/monitoring",
                  "https://www.googleapis.com/auth/service.management.readonly",
                  "https://www.googleapis.com/auth/servicecontrol",
                  "https://www.googleapis.com/auth/trace.append"
                ],
                "preemptible": false,
                "reservation_affinity": [],
                "resource_labels": {},
                "service_account": "default",
                "shielded_instance_config": [
                  {
                    "enable_integrity_monitoring": true,
                    "enable_secure_boot": false
                  }
                ],
                "spot": false,
                "tags": [],
                "taint": [],
                "workload_metadata_config": [
                  {
                    "mode": "GKE_METADATA"
                  }
                ]
              }
            ],
            "node_locations": [],
            "node_pool": [
              {
                "autoscaling": [
                  {
                    "location_policy": "BALANCED",
                    "max_node_count": 10,
                    "min_node_count": 1,
                    "total_max_node_count": 0,
                    "total_min_node_count": 0
                  }
                ],
                "initial_node_count": 1,
                "instance_group_urls": [
                  "https://www.googleapis.com/compute/v1/projects/vibrant-retina-379605/zones/us-west1-a/instanceGroupManagers/gke-ml-cluster-default-pool-036e9225-grp"
                ],
                "managed_instance_group_urls": [
                  "https://www.googleapis.com/compute/v1/projects/vibrant-retina-379605/zones/us-west1-a/instanceGroups/gke-ml-cluster-default-pool-036e9225-grp"
                ],
                "management": [
                  {
                    "auto_repair": true,
                    "auto_upgrade": true
                  }
                ],
                "max_pods_per_node": 0,
                "name": "default-pool",
                "name_prefix": "",
                "network_config": [
                  {
                    "create_pod_range": false,
                    "enable_private_nodes": false,
                    "pod_cidr_overprovision_config": [],
                    "pod_ipv4_cidr_block": "",
                    "pod_range": ""
                  }
                ],
                "node_config": [
                  {
                    "advanced_machine_features": [],
                    "boot_disk_kms_key": "",
                    "disk_size_gb": 100,
                    "disk_type": "pd-balanced",
                    "ephemeral_storage_local_ssd_config": [],
                    "gcfs_config": [],
                    "guest_accelerator": [],
                    "gvnic": [],
                    "image_type": "COS_CONTAINERD",
                    "kubelet_config": [],
                    "labels": {},
                    "linux_node_config": [],
                    "local_nvme_ssd_block_config": [],
                    "local_ssd_count": 0,
                    "logging_variant": "DEFAULT",
                    "machine_type": "e2-medium",
                    "metadata": {
                      "disable-legacy-endpoints": "true"
                    },
                    "min_cpu_platform": "",
                    "node_group": "",
                    "oauth_scopes": [
                      "https://www.googleapis.com/auth/devstorage.read_only",
                      "https://www.googleapis.com/auth/logging.write",
                      "https://www.googleapis.com/auth/monitoring",
                      "https://www.googleapis.com/auth/service.management.readonly",
                      "https://www.googleapis.com/auth/servicecontrol",
                      "https://www.googleapis.com/auth/trace.append"
                    ],
                    "preemptible": false,
                    "reservation_affinity": [],
                    "resource_labels": {},
                    "service_account": "default",
                    "shielded_instance_config": [
                      {
                        "enable_integrity_monitoring": true,
                        "enable_secure_boot": false
                      }
                    ],
                    "spot": false,
                    "tags": [],
                    "taint": [],
                    "workload_metadata_config": [
                      {
                        "mode": "GKE_METADATA"
                      }
                    ]
                  }
                ],
                "node_count": 2,
                "node_locations": [
                  "us-west1-a"
                ],
                "placement_policy": [],
                "upgrade_settings": [
                  {
                    "blue_green_settings": [],
                    "max_surge": 1,
                    "max_unavailable": 0,
                    "strategy": "SURGE"
                  }
                ],
                "version": "1.24.10-gke.2300"
              }
            ],
            "node_pool_defaults": [
              {
                "node_config_defaults": [
                  {
                    "logging_variant": "DEFAULT"
                  }
                ]
              }
            ],
            "node_version": "1.24.10-gke.2300",
            "notification_config": [
              {
                "pubsub": [
                  {
                    "enabled": false,
                    "filter": [],
                    "topic": ""
                  }
                ]
              }
            ],
            "operation": null,
            "private_cluster_config": [
              {
                "enable_private_endpoint": false,
                "enable_private_nodes": false,
                "master_global_access_config": [
                  {
                    "enabled": false
                  }
                ],
                "master_ipv4_cidr_block": "",
                "peering_name": "",
                "private_endpoint": "10.138.0.13",
                "private_endpoint_subnetwork": "",
                "public_endpoint": "34.83.82.136"
              }
            ],
            "private_ipv6_google_access": "",
            "project": "vibrant-retina-379605",
            "release_channel": [
              {
                "channel": "REGULAR"
              }
            ],
            "remove_default_node_pool": null,
            "resource_labels": {},
            "resource_usage_export_config": [],
            "self_link": "https://container.googleapis.com/v1/projects/vibrant-retina-379605/zones/us-west1-a/clusters/ml-cluster",
            "service_external_ips_config": [
              {
                "enabled": false
              }
            ],
            "services_ipv4_cidr": "10.3.240.0/20",
            "subnetwork": "projects/vibrant-retina-379605/regions/us-west1/subnetworks/default",
            "tpu_ipv4_cidr_block": "",
            "vertical_pod_autoscaling": [],
            "workload_identity_config": [
              {
                "workload_pool": "vibrant-retina-379605.svc.id.goog"
              }
            ]
          },
          "sensitive_attributes": []
        }
      ]
    },
    {
      "module": "module.gke_cluster",
      "mode": "managed",
      "type": "google_container_cluster",
      "name": "ml_cluster",
      "provider": "module.gke_cluster.provider[\"registry.terraform.io/hashicorp/google\"]",
      "instances": [
        {
          "schema_version": 1,
          "attributes": {
            "addons_config": [
              {
                "cloudrun_config": [],
                "config_connector_config": [],
                "dns_cache_config": [],
                "gce_persistent_disk_csi_driver_config": [
                  {
                    "enabled": true
                  }
                ],
                "gcp_filestore_csi_driver_config": [],
                "gke_backup_agent_config": [],
                "horizontal_pod_autoscaling": [],
                "http_load_balancing": [],
                "network_policy_config": [
                  {
                    "disabled": true
                  }
                ]
              }
            ],
            "authenticator_groups_config": [],
            "binary_authorization": [
              {
                "enabled": false,
                "evaluation_mode": ""
              }
            ],
            "cluster_autoscaling": [
              {
                "auto_provisioning_defaults": [],
                "enabled": false,
                "resource_limits": []
              }
            ],
            "cluster_ipv4_cidr": "10.0.0.0/14",
            "confidential_nodes": [],
            "cost_management_config": [],
            "database_encryption": [
              {
                "key_name": "",
                "state": "DECRYPTED"
              }
            ],
            "datapath_provider": "",
            "default_max_pods_per_node": null,
            "default_snat_status": [
              {
                "disabled": false
              }
            ],
            "description": "",
            "dns_config": [],
            "enable_autopilot": false,
            "enable_binary_authorization": false,
            "enable_intranode_visibility": false,
            "enable_kubernetes_alpha": false,
            "enable_l4_ilb_subsetting": false,
            "enable_legacy_abac": false,
            "enable_shielded_nodes": true,
            "enable_tpu": false,
            "endpoint": "34.83.82.136",
            "gateway_api_config": [],
            "id": "projects/vibrant-retina-379605/locations/us-west1-a/clusters/ml-cluster",
            "initial_node_count": 1,
            "ip_allocation_policy": [],
            "label_fingerprint": "a9dc16a7",
            "location": "us-west1-a",
            "logging_config": [
              {
                "enable_components": [
                  "SYSTEM_COMPONENTS",
                  "WORKLOADS"
                ]
              }
            ],
            "logging_service": "logging.googleapis.com/kubernetes",
            "maintenance_policy": [],
            "master_auth": [
              {
                "client_certificate": "",
                "client_certificate_config": [
                  {
                    "issue_client_certificate": false
                  }
                ],
                "client_key": "",
                "cluster_ca_certificate": "LS0tLS1CRUdJTiBDRVJUSUZJQ0FURS0tLS0tCk1JSUVMRENDQXBTZ0F3SUJBZ0lRWDU0aURzWjZHcWlMYWRCOXoxR2x4ekFOQmdrcWhraUc5dzBCQVFzRkFEQXYKTVMwd0t3WURWUVFERXlRMVlUTm1OamM0WVMxaU9EaG1MVFF5WXpZdE9UTTFZeTA1WW1NM05qUmhZams0Tm1JdwpJQmNOTWpNd05ERTRNak13TnpVeldoZ1BNakExTXpBME1URXdNREEzTlROYU1DOHhMVEFyQmdOVkJBTVRKRFZoCk0yWTJOemhoTFdJNE9HWXROREpqTmkwNU16VmpMVGxpWXpjMk5HRmlPVGcyWWpDQ0FhSXdEUVlKS29aSWh2Y04KQVFFQkJRQURnZ0dQQURDQ0FZb0NnZ0dCQU1naVIxeWxCWnhuWEJWZHpudVdvSU5UN1NGSFZ5VWMyQnBjU0N4Mgpaa3o3cUR5S0QxVXREQVJqRFdpelNzTGprSXplOU5IbVpPTjNtckF5dkNVZWJZUjBpU2d6OXNjWENSc0Y0SUdZCmJwWTFWRUhjZWVFWXJMWWZXRHpzOCtuYUZDUnB4UVk0dHc1ZHU0MVJ5L2FRRFFxekdJSkFvV1VUVzRodGJRL08KbVhwOGJwUDFlNHZsMmtZMzB3YzZyemJOZUxxM2dmS2daVmhuaHg0VlpCY1B3Y0IwK0Fhc3F1M2xKZWpmZWFSKwo1NUdpcm9MNXlRRm95V3JYeGxPNDA0NW1ISFNzNE9qczFiMnFUcjIybHF5My9sRno5NVpxRW1qcXgvZ25Ec3NvCjhCaTRmYWt2MUNnVXA0SU9RbWIwMWpzNFVRc2d3T3R0WUd4ZlBYRG5qSFlJSjVIQlhzZmxjcW1ySHF0Q0ZtUXQKcmc1Skd1dVhpanYxbWNoYmtZUVJkZXhCSEg1ZEFtKy85WXBrd09qU0RJcmoxSjY2NEs5SXd0RGN0a0lielJIZwpoUTd3cjlvTExYZ1JsWjFXczQ4RUxHREFrb1lrdFFPd0dPYXRveVFad1JYb1lZYnFZS3hVK2FIYjZ5QjdNcUhLCm1jMForaVpFcG1mekZKYVVBOWx4SWxiRzV3SURBUUFCbzBJd1FEQU9CZ05WSFE4QkFmOEVCQU1DQWdRd0R3WUQKVlIwVEFRSC9CQVV3QXdFQi96QWRCZ05WSFE0RUZnUVUrclRyVzI5M25MOWxkeGxla2h0RGdBbk1Jekl3RFFZSgpLb1pJaHZjTkFRRUxCUUFEZ2dHQkFHbGJUNG1lcE54d211RDJJUWdFY015T0p3ckUvMThxWnV6K1BmMFFvV1NRCngrS3M5bEpiL1R2S1kzMDEwOVp5dVEzVHpPRUxMbHNQR09MWlJuM0pvUHg2c2lyS2NEdjVkcmVZWFI4RzVHVDAKcG92OVNZK0dvRXowcFZSTDVoWDgyYlNYNExBZ1pUenFvaTZwZ1orVHVtOHc3K2syNzV3YjRWdGRwSVR4UlBIbAp4dkZSL2FURlUxQ1JWTFJRTFNTVFRDYjh2dDZTRy82N01sQ3I3aEFYbm9PMjhCYU5ETTRJZDliSmttZ3pJblhzCkg5V0taQVRjeFZ0K2tMcmovNkpWQURvcVlvVFJkdUtJTjFkanNQVW1TSnp6Z0VaNVN6L29SZWsyTnJNUEhhZ0QKMXVRbzFvVnBUZ05JV0g1WEVveFZWbWFNdEJiYk9WYnpuTjVqbm1BY3gwd3paaWJyTTZ0VmNWS1FoT1pvYjBoQQo4bnh2YkdNdExONWVTMU53OVdHbGFqZm9pTFVGOFViSDRkQkdxSmhKK01tM0Z2ZFNrYWs3U2k1TWdobVhYOFY3CkdKOEJRT3J5a1h1bkVsK3dhNlA5SE5GeXpFYmY1WGNmd0F1VzVNa2J0aVBtZm5obXF4S3h5RitTMElNTm9vUmoKcStHY3p1UDZEWjJLNHo4RHU2U0VNUT09Ci0tLS0tRU5EIENFUlRJRklDQVRFLS0tLS0K"
              }
            ],
            "master_authorized_networks_config": [],
            "master_version": "1.24.10-gke.2300",
            "mesh_certificates": [],
            "min_master_version": null,
            "monitoring_config": [
              {
                "enable_components": [
                  "SYSTEM_COMPONENTS"
                ],
                "managed_prometheus": [
                  {
                    "enabled": true
                  }
                ]
              }
            ],
            "monitoring_service": "monitoring.googleapis.com/kubernetes",
            "name": "ml-cluster",
            "network": "projects/vibrant-retina-379605/global/networks/default",
            "network_policy": [
              {
                "enabled": false,
                "provider": "PROVIDER_UNSPECIFIED"
              }
            ],
            "networking_mode": "ROUTES",
            "node_config": [
              {
                "advanced_machine_features": [],
                "boot_disk_kms_key": "",
                "disk_size_gb": 100,
                "disk_type": "pd-balanced",
                "ephemeral_storage_local_ssd_config": [],
                "gcfs_config": [],
                "guest_accelerator": [],
                "gvnic": [],
                "image_type": "COS_CONTAINERD",
                "kubelet_config": [],
                "labels": {},
                "linux_node_config": [],
                "local_nvme_ssd_block_config": [],
                "local_ssd_count": 0,
                "logging_variant": "DEFAULT",
                "machine_type": "e2-medium",
                "metadata": {
                  "disable-legacy-endpoints": "true"
                },
                "min_cpu_platform": "",
                "node_group": "",
                "oauth_scopes": [
                  "https://www.googleapis.com/auth/devstorage.read_only",
                  "https://www.googleapis.com/auth/logging.write",
                  "https://www.googleapis.com/auth/monitoring",
                  "https://www.googleapis.com/auth/service.management.readonly",
                  "https://www.googleapis.com/auth/servicecontrol",
                  "https://www.googleapis.com/auth/trace.append"
                ],
                "preemptible": false,
                "reservation_affinity": [],
                "resource_labels": {},
                "service_account": "default",
                "shielded_instance_config": [
                  {
                    "enable_integrity_monitoring": true,
                    "enable_secure_boot": false
                  }
                ],
                "spot": false,
                "tags": [],
                "taint": [],
                "workload_metadata_config": [
                  {
                    "mode": "GKE_METADATA"
                  }
                ]
              }
            ],
            "node_locations": [],
            "node_pool": [
              {
                "autoscaling": [
                  {
                    "location_policy": "BALANCED",
                    "max_node_count": 10,
                    "min_node_count": 1,
                    "total_max_node_count": 0,
                    "total_min_node_count": 0
                  }
                ],
                "initial_node_count": 1,
                "instance_group_urls": [
                  "https://www.googleapis.com/compute/v1/projects/vibrant-retina-379605/zones/us-west1-a/instanceGroupManagers/gke-ml-cluster-default-pool-036e9225-grp"
                ],
                "managed_instance_group_urls": [
                  "https://www.googleapis.com/compute/v1/projects/vibrant-retina-379605/zones/us-west1-a/instanceGroups/gke-ml-cluster-default-pool-036e9225-grp"
                ],
                "management": [
                  {
                    "auto_repair": true,
                    "auto_upgrade": true
                  }
                ],
                "max_pods_per_node": 0,
                "name": "default-pool",
                "name_prefix": "",
                "network_config": [
                  {
                    "create_pod_range": false,
                    "enable_private_nodes": false,
                    "pod_cidr_overprovision_config": [],
                    "pod_ipv4_cidr_block": "",
                    "pod_range": ""
                  }
                ],
                "node_config": [
                  {
                    "advanced_machine_features": [],
                    "boot_disk_kms_key": "",
                    "disk_size_gb": 100,
                    "disk_type": "pd-balanced",
                    "ephemeral_storage_local_ssd_config": [],
                    "gcfs_config": [],
                    "guest_accelerator": [],
                    "gvnic": [],
                    "image_type": "COS_CONTAINERD",
                    "kubelet_config": [],
                    "labels": {},
                    "linux_node_config": [],
                    "local_nvme_ssd_block_config": [],
                    "local_ssd_count": 0,
                    "logging_variant": "DEFAULT",
                    "machine_type": "e2-medium",
                    "metadata": {
                      "disable-legacy-endpoints": "true"
                    },
                    "min_cpu_platform": "",
                    "node_group": "",
                    "oauth_scopes": [
                      "https://www.googleapis.com/auth/devstorage.read_only",
                      "https://www.googleapis.com/auth/logging.write",
                      "https://www.googleapis.com/auth/monitoring",
                      "https://www.googleapis.com/auth/service.management.readonly",
                      "https://www.googleapis.com/auth/servicecontrol",
                      "https://www.googleapis.com/auth/trace.append"
                    ],
                    "preemptible": false,
                    "reservation_affinity": [],
                    "resource_labels": {},
                    "service_account": "default",
                    "shielded_instance_config": [
                      {
                        "enable_integrity_monitoring": true,
                        "enable_secure_boot": false
                      }
                    ],
                    "spot": false,
                    "tags": [],
                    "taint": [],
                    "workload_metadata_config": [
                      {
                        "mode": "GKE_METADATA"
                      }
                    ]
                  }
                ],
                "node_count": 2,
                "node_locations": [
                  "us-west1-a"
                ],
                "placement_policy": [],
                "upgrade_settings": [
                  {
                    "blue_green_settings": [],
                    "max_surge": 1,
                    "max_unavailable": 0,
                    "strategy": "SURGE"
                  }
                ],
                "version": "1.24.10-gke.2300"
              }
            ],
            "node_pool_defaults": [
              {
                "node_config_defaults": [
                  {
                    "logging_variant": "DEFAULT"
                  }
                ]
              }
            ],
            "node_version": "1.24.10-gke.2300",
            "notification_config": [
              {
                "pubsub": [
                  {
                    "enabled": false,
                    "filter": [],
                    "topic": ""
                  }
                ]
              }
            ],
            "operation": null,
            "private_cluster_config": [
              {
                "enable_private_endpoint": false,
                "enable_private_nodes": false,
                "master_global_access_config": [
                  {
                    "enabled": false
                  }
                ],
                "master_ipv4_cidr_block": "",
                "peering_name": "",
                "private_endpoint": "10.138.0.13",
                "private_endpoint_subnetwork": "",
                "public_endpoint": "34.83.82.136"
              }
            ],
            "private_ipv6_google_access": "",
            "project": "vibrant-retina-379605",
            "release_channel": [
              {
                "channel": "REGULAR"
              }
            ],
            "remove_default_node_pool": null,
            "resource_labels": {},
            "resource_usage_export_config": [],
            "self_link": "https://container.googleapis.com/v1/projects/vibrant-retina-379605/zones/us-west1-a/clusters/ml-cluster",
            "service_external_ips_config": [
              {
                "enabled": false
              }
            ],
            "services_ipv4_cidr": "10.3.240.0/20",
            "subnetwork": "projects/vibrant-retina-379605/regions/us-west1/subnetworks/default",
            "timeouts": {
              "create": null,
              "delete": null,
              "read": null,
              "update": null
            },
            "tpu_ipv4_cidr_block": "",
            "vertical_pod_autoscaling": [],
            "workload_identity_config": [
              {
                "workload_pool": "vibrant-retina-379605.svc.id.goog"
              }
            ]
          },
          "sensitive_attributes": [],
          "private": "eyJlMmJmYjczMC1lY2FhLTExZTYtOGY4OC0zNDM2M2JjN2M0YzAiOnsiY3JlYXRlIjoyNDAwMDAwMDAwMDAwLCJkZWxldGUiOjI0MDAwMDAwMDAwMDAsInJlYWQiOjI0MDAwMDAwMDAwMDAsInVwZGF0ZSI6MzYwMDAwMDAwMDAwMH0sInNjaGVtYV92ZXJzaW9uIjoiMSJ9"
        }
      ]
    },
    {
      "module": "module.kubernetes",
      "mode": "data",
      "type": "http",
      "name": "nvidia_driver_installer_manifest",
      "provider": "provider[\"registry.terraform.io/hashicorp/http\"]",
      "instances": [
        {
          "schema_version": 0,
          "attributes": {
            "body": "# Copyright 2017 Google Inc. All rights reserved.\n#\n# Licensed under the Apache License, Version 2.0 (the \"License\");\n# you may not use this file except in compliance with the License.\n# You may obtain a copy of the License at\n#\n#     http://www.apache.org/licenses/LICENSE-2.0\n#\n# Unless required by applicable law or agreed to in writing, software\n# distributed under the License is distributed on an \"AS IS\" BASIS,\n# WITHOUT WARRANTIES OR CONDITIONS OF ANY KIND, either express or implied.\n# See the License for the specific language governing permissions and\n# limitations under the License.\n\n# The Dockerfile and other source for this daemonset are in\n# https://cos.googlesource.com/cos/tools/+/refs/heads/master/src/cmd/cos_gpu_installer/\n#\n# This is the same as ../../daemonset.yaml except that it assumes that the\n# docker image is present on the node instead of downloading from GCR. This\n# allows easier upgrades because GKE can preload the correct image on the\n# node and the daemonset can just use that image.\n\napiVersion: apps/v1\nkind: DaemonSet\nmetadata:\n  name: nvidia-driver-installer\n  namespace: kube-system\n  labels:\n    k8s-app: nvidia-driver-installer\nspec:\n  selector:\n    matchLabels:\n      k8s-app: nvidia-driver-installer\n  updateStrategy:\n    type: RollingUpdate\n  template:\n    metadata:\n      labels:\n        name: nvidia-driver-installer\n        k8s-app: nvidia-driver-installer\n    spec:\n      priorityClassName: system-node-critical\n      affinity:\n        nodeAffinity:\n          requiredDuringSchedulingIgnoredDuringExecution:\n            nodeSelectorTerms:\n            - matchExpressions:\n              - key: cloud.google.com/gke-accelerator\n                operator: Exists\n              - key: cloud.google.com/gke-gpu-driver-version\n                operator: DoesNotExist\n      tolerations:\n      - operator: \"Exists\"\n      hostNetwork: true\n      hostPID: true\n      volumes:\n      - name: dev\n        hostPath:\n          path: /dev\n      - name: vulkan-icd-mount\n        hostPath:\n          path: /home/kubernetes/bin/nvidia/vulkan/icd.d\n      - name: nvidia-install-dir-host\n        hostPath:\n          path: /home/kubernetes/bin/nvidia\n      - name: root-mount\n        hostPath:\n          path: /\n      - name: cos-tools\n        hostPath:\n          path: /var/lib/cos-tools\n      - name: nvidia-config\n        hostPath:\n          path: /etc/nvidia\n      initContainers:\n      - image: \"cos-nvidia-installer:fixed\"\n        imagePullPolicy: Never\n        name: nvidia-driver-installer\n        resources:\n          requests:\n            cpu: 150m\n        securityContext:\n          privileged: true\n        env:\n          - name: NVIDIA_INSTALL_DIR_HOST\n            value: /home/kubernetes/bin/nvidia\n          - name: NVIDIA_INSTALL_DIR_CONTAINER\n            value: /usr/local/nvidia\n          - name: VULKAN_ICD_DIR_HOST\n            value: /home/kubernetes/bin/nvidia/vulkan/icd.d\n          - name: VULKAN_ICD_DIR_CONTAINER\n            value: /etc/vulkan/icd.d\n          - name: ROOT_MOUNT_DIR\n            value: /root\n          - name: COS_TOOLS_DIR_HOST\n            value: /var/lib/cos-tools\n          - name: COS_TOOLS_DIR_CONTAINER\n            value: /build/cos-tools\n        volumeMounts:\n        - name: nvidia-install-dir-host\n          mountPath: /usr/local/nvidia\n        - name: vulkan-icd-mount\n          mountPath: /etc/vulkan/icd.d\n        - name: dev\n          mountPath: /dev\n        - name: root-mount\n          mountPath: /root\n        - name: cos-tools\n          mountPath: /build/cos-tools\n      - image: \"gcr.io/gke-release/nvidia-partition-gpu@sha256:c54fd003948fac687c2a93a55ea6e4d47ffbd641278a9191e75e822fe72471c2\"\n        name: partition-gpus\n        env:\n          - name: LD_LIBRARY_PATH\n            value: /usr/local/nvidia/lib64\n        resources:\n          requests:\n            cpu: 150m\n        securityContext:\n          privileged: true\n        volumeMounts:\n        - name: nvidia-install-dir-host\n          mountPath: /usr/local/nvidia\n        - name: dev\n          mountPath: /dev\n        - name: nvidia-config\n          mountPath: /etc/nvidia\n      containers:\n      - image: \"gcr.io/google-containers/pause:2.0\"\n        name: pause\n",
            "ca_cert_pem": null,
            "id": "https://raw.githubusercontent.com/GoogleCloudPlatform/container-engine-accelerators/master/nvidia-driver-installer/cos/daemonset-preloaded.yaml",
            "insecure": null,
            "method": null,
            "request_body": null,
            "request_headers": null,
            "response_body": "# Copyright 2017 Google Inc. All rights reserved.\n#\n# Licensed under the Apache License, Version 2.0 (the \"License\");\n# you may not use this file except in compliance with the License.\n# You may obtain a copy of the License at\n#\n#     http://www.apache.org/licenses/LICENSE-2.0\n#\n# Unless required by applicable law or agreed to in writing, software\n# distributed under the License is distributed on an \"AS IS\" BASIS,\n# WITHOUT WARRANTIES OR CONDITIONS OF ANY KIND, either express or implied.\n# See the License for the specific language governing permissions and\n# limitations under the License.\n\n# The Dockerfile and other source for this daemonset are in\n# https://cos.googlesource.com/cos/tools/+/refs/heads/master/src/cmd/cos_gpu_installer/\n#\n# This is the same as ../../daemonset.yaml except that it assumes that the\n# docker image is present on the node instead of downloading from GCR. This\n# allows easier upgrades because GKE can preload the correct image on the\n# node and the daemonset can just use that image.\n\napiVersion: apps/v1\nkind: DaemonSet\nmetadata:\n  name: nvidia-driver-installer\n  namespace: kube-system\n  labels:\n    k8s-app: nvidia-driver-installer\nspec:\n  selector:\n    matchLabels:\n      k8s-app: nvidia-driver-installer\n  updateStrategy:\n    type: RollingUpdate\n  template:\n    metadata:\n      labels:\n        name: nvidia-driver-installer\n        k8s-app: nvidia-driver-installer\n    spec:\n      priorityClassName: system-node-critical\n      affinity:\n        nodeAffinity:\n          requiredDuringSchedulingIgnoredDuringExecution:\n            nodeSelectorTerms:\n            - matchExpressions:\n              - key: cloud.google.com/gke-accelerator\n                operator: Exists\n              - key: cloud.google.com/gke-gpu-driver-version\n                operator: DoesNotExist\n      tolerations:\n      - operator: \"Exists\"\n      hostNetwork: true\n      hostPID: true\n      volumes:\n      - name: dev\n        hostPath:\n          path: /dev\n      - name: vulkan-icd-mount\n        hostPath:\n          path: /home/kubernetes/bin/nvidia/vulkan/icd.d\n      - name: nvidia-install-dir-host\n        hostPath:\n          path: /home/kubernetes/bin/nvidia\n      - name: root-mount\n        hostPath:\n          path: /\n      - name: cos-tools\n        hostPath:\n          path: /var/lib/cos-tools\n      - name: nvidia-config\n        hostPath:\n          path: /etc/nvidia\n      initContainers:\n      - image: \"cos-nvidia-installer:fixed\"\n        imagePullPolicy: Never\n        name: nvidia-driver-installer\n        resources:\n          requests:\n            cpu: 150m\n        securityContext:\n          privileged: true\n        env:\n          - name: NVIDIA_INSTALL_DIR_HOST\n            value: /home/kubernetes/bin/nvidia\n          - name: NVIDIA_INSTALL_DIR_CONTAINER\n            value: /usr/local/nvidia\n          - name: VULKAN_ICD_DIR_HOST\n            value: /home/kubernetes/bin/nvidia/vulkan/icd.d\n          - name: VULKAN_ICD_DIR_CONTAINER\n            value: /etc/vulkan/icd.d\n          - name: ROOT_MOUNT_DIR\n            value: /root\n          - name: COS_TOOLS_DIR_HOST\n            value: /var/lib/cos-tools\n          - name: COS_TOOLS_DIR_CONTAINER\n            value: /build/cos-tools\n        volumeMounts:\n        - name: nvidia-install-dir-host\n          mountPath: /usr/local/nvidia\n        - name: vulkan-icd-mount\n          mountPath: /etc/vulkan/icd.d\n        - name: dev\n          mountPath: /dev\n        - name: root-mount\n          mountPath: /root\n        - name: cos-tools\n          mountPath: /build/cos-tools\n      - image: \"gcr.io/gke-release/nvidia-partition-gpu@sha256:c54fd003948fac687c2a93a55ea6e4d47ffbd641278a9191e75e822fe72471c2\"\n        name: partition-gpus\n        env:\n          - name: LD_LIBRARY_PATH\n            value: /usr/local/nvidia/lib64\n        resources:\n          requests:\n            cpu: 150m\n        securityContext:\n          privileged: true\n        volumeMounts:\n        - name: nvidia-install-dir-host\n          mountPath: /usr/local/nvidia\n        - name: dev\n          mountPath: /dev\n        - name: nvidia-config\n          mountPath: /etc/nvidia\n      containers:\n      - image: \"gcr.io/google-containers/pause:2.0\"\n        name: pause\n",
            "response_headers": {
              "Accept-Ranges": "bytes",
              "Access-Control-Allow-Origin": "*",
              "Cache-Control": "max-age=300",
              "Content-Security-Policy": "default-src 'none'; style-src 'unsafe-inline'; sandbox",
              "Content-Type": "text/plain; charset=utf-8",
              "Date": "Wed, 19 Apr 2023 20:00:03 GMT",
              "Etag": "W/\"e17de1afd43b2ac9753af31d1354d43d7c2c05b394d38b6d20a86fcce0d935c0\"",
              "Expires": "Wed, 19 Apr 2023 20:05:03 GMT",
              "Source-Age": "0",
              "Strict-Transport-Security": "max-age=31536000",
              "Vary": "Authorization,Accept-Encoding,Origin",
              "Via": "1.1 varnish",
              "X-Cache": "MISS",
              "X-Cache-Hits": "0",
              "X-Content-Type-Options": "nosniff",
              "X-Fastly-Request-Id": "f4d635e1640e85ec12fd391f60ead3721d712b22",
              "X-Frame-Options": "deny",
              "X-Github-Request-Id": "1DD0:5C63:49425:5409C:64404843",
              "X-Served-By": "cache-pao17431-PAO",
              "X-Timer": "S1681934403.214638,VS0,VE161",
              "X-Xss-Protection": "1; mode=block"
            },
            "status_code": 200,
            "url": "https://raw.githubusercontent.com/GoogleCloudPlatform/container-engine-accelerators/master/nvidia-driver-installer/cos/daemonset-preloaded.yaml"
          },
          "sensitive_attributes": []
        }
      ]
    }
  ],
  "check_results": null
}
